
Microsoft Visual Studio Solution File, Format Version 12.00
# Visual Studio Version 17
VisualStudioVersion = 17.5.002.0
MinimumVisualStudioVersion = 10.0.40219.1
Project("{9A19103F-16F7-4668-BE54-9A1E7A4F7556}") = "MyMovieListApi", "MyMovieListApi.csproj", "{C399D07F-871A-48F4-8498-91C69F705D66}"
EndProject
Global
	GlobalSection(SolutionConfigurationPlatforms) = preSolution
		Debug|Any CPU = Debug|Any CPU
		Release|Any CPU = Release|Any CPU
	EndGlobalSection
	GlobalSection(ProjectConfigurationPlatforms) = postSolution
		{C399D07F-871A-48F4-8498-91C69F705D66}.Debug|Any CPU.ActiveCfg = Debug|Any CPU
		{C399D07F-871A-48F4-8498-91C69F705D66}.Debug|Any CPU.Build.0 = Debug|Any CPU
		{C399D07F-871A-48F4-8498-91C69F705D66}.Release|Any CPU.ActiveCfg = Release|Any CPU
		{C399D07F-871A-48F4-8498-91C69F705D66}.Release|Any CPU.Build.0 = Release|Any CPU
	EndGlobalSection
	GlobalSection(SolutionProperties) = preSolution
		HideSolutionNode = FALSE
	EndGlobalSection
	GlobalSection(ExtensibilityGlobals) = postSolution
		SolutionGuid = {ADF0CD55-F356-485D-B5D6-39F6C306F3AC}
	EndGlobalSection
EndGlobal
